
Microsoft Visual Studio Solution File, Format Version 12.00
# Visual Studio Version 17
VisualStudioVersion = 17.7.34302.85
MinimumVisualStudioVersion = 10.0.40219.1
Project("{FAE04EC0-301F-11D3-BF4B-00C04F79EFBC}") = "DS4Key", "DS4Key.csproj", "{06ACDC4F-93F0-4667-B257-BABEA5B7837E}"
EndProject
Global
	GlobalSection(SolutionConfigurationPlatforms) = preSolution
		Debug|Any CPU = Debug|Any CPU
		Release|Any CPU = Release|Any CPU
	EndGlobalSection
	GlobalSection(ProjectConfigurationPlatforms) = postSolution
		{06ACDC4F-93F0-4667-B257-BABEA5B7837E}.Debug|Any CPU.ActiveCfg = Debug|Any CPU
		{06ACDC4F-93F0-4667-B257-BABEA5B7837E}.Debug|Any CPU.Build.0 = Debug|Any CPU
		{06ACDC4F-93F0-4667-B257-BABEA5B7837E}.Release|Any CPU.ActiveCfg = Release|Any CPU
		{06ACDC4F-93F0-4667-B257-BABEA5B7837E}.Release|Any CPU.Build.0 = Release|Any CPU
	EndGlobalSection
	GlobalSection(SolutionProperties) = preSolution
		HideSolutionNode = FALSE
	EndGlobalSection
	GlobalSection(ExtensibilityGlobals) = postSolution
		SolutionGuid = {DE3210DB-E2E9-401C-BEFE-D03FF84BFB25}
	EndGlobalSection
EndGlobal
